
Microsoft Visual Studio Solution File, Format Version 12.00
# Visual Studio Version 16
VisualStudioVersion = 16.0.29709.97
MinimumVisualStudioVersion = 10.0.40219.1
Project("{FAE04EC0-301F-11D3-BF4B-00C04F79EFBC}") = "kata-anagrams", "kata-anagrams\kata-anagrams.csproj", "{B3916891-1EB1-402C-86E3-7E1BAFF7E616}"
EndProject
Global
	GlobalSection(SolutionConfigurationPlatforms) = preSolution
		Debug|Any CPU = Debug|Any CPU
		Release|Any CPU = Release|Any CPU
	EndGlobalSection
	GlobalSection(ProjectConfigurationPlatforms) = postSolution
		{B3916891-1EB1-402C-86E3-7E1BAFF7E616}.Debug|Any CPU.ActiveCfg = Debug|Any CPU
		{B3916891-1EB1-402C-86E3-7E1BAFF7E616}.Debug|Any CPU.Build.0 = Debug|Any CPU
		{B3916891-1EB1-402C-86E3-7E1BAFF7E616}.Release|Any CPU.ActiveCfg = Release|Any CPU
		{B3916891-1EB1-402C-86E3-7E1BAFF7E616}.Release|Any CPU.Build.0 = Release|Any CPU
	EndGlobalSection
	GlobalSection(SolutionProperties) = preSolution
		HideSolutionNode = FALSE
	EndGlobalSection
	GlobalSection(ExtensibilityGlobals) = postSolution
		SolutionGuid = {E3614A17-5C25-4A55-A475-FF3F4BF84437}
	EndGlobalSection
EndGlobal
